{
	"name": "@bvalosek/site-vibes",
	"version": "0.0.0",
	"lockfileVersion": 1,
	"requires": true,
	"dependencies": {
		"@babel/runtime": {
			"version": "7.14.0",
			"resolved": "https://registry.npmjs.org/@babel/runtime/-/runtime-7.14.0.tgz",
			"integrity": "sha512-JELkvo/DlpNdJ7dlyw/eY7E0suy5i5GQH+Vlxaq1nsNJ+H7f4Vtv3jMeCEgRhZZQFXTjldYfQgv2qmM6M1v5wA==",
			"requires": {
				"regenerator-runtime": "^0.13.4"
			}
		},
		"@emotion/hash": {
			"version": "0.8.0",
			"resolved": "https://registry.npmjs.org/@emotion/hash/-/hash-0.8.0.tgz",
			"integrity": "sha512-kBJtf7PH6aWwZ6fka3zQ0p6SBYzx4fl1LoZXE2RrnYST9Xljm7WfKJrU4g/Xr3Beg72MLrp1AWNUmuYJTL7Cow=="
		},
		"@ethersproject/abi": {
			"version": "5.0.12",
			"resolved": "https://registry.npmjs.org/@ethersproject/abi/-/abi-5.0.12.tgz",
			"integrity": "sha512-Ujr/3bwyYYjXLDQfebeiiTuvOw9XtUKM8av6YkoBeMXyGQM9GkjrQlwJMNwGTmqjATH/ZNbRgCh98GjOLiIB1Q==",
			"requires": {
				"@ethersproject/address": "^5.0.9",
				"@ethersproject/bignumber": "^5.0.13",
				"@ethersproject/bytes": "^5.0.9",
				"@ethersproject/constants": "^5.0.8",
				"@ethersproject/hash": "^5.0.10",
				"@ethersproject/keccak256": "^5.0.7",
				"@ethersproject/logger": "^5.0.8",
				"@ethersproject/properties": "^5.0.7",
				"@ethersproject/strings": "^5.0.8"
			}
		},
		"@ethersproject/abstract-provider": {
			"version": "5.0.9",
			"resolved": "https://registry.npmjs.org/@ethersproject/abstract-provider/-/abstract-provider-5.0.9.tgz",
			"integrity": "sha512-X9fMkqpeu9ayC3JyBkeeZhn35P4xQkpGX/l+FrxDtEW9tybf/UWXSMi8bGThpPtfJ6q6U2LDetXSpSwK4TfYQQ==",
			"requires": {
				"@ethersproject/bignumber": "^5.0.13",
				"@ethersproject/bytes": "^5.0.9",
				"@ethersproject/logger": "^5.0.8",
				"@ethersproject/networks": "^5.0.7",
				"@ethersproject/properties": "^5.0.7",
				"@ethersproject/transactions": "^5.0.9",
				"@ethersproject/web": "^5.0.12"
			}
		},
		"@ethersproject/abstract-signer": {
			"version": "5.0.12",
			"resolved": "https://registry.npmjs.org/@ethersproject/abstract-signer/-/abstract-signer-5.0.12.tgz",
			"integrity": "sha512-qt4jAEzQGPZ31My1gFGPzzJHJveYhVycW7RHkuX0W8fvMdg7wr0uvP7mQEptMVrb+jYwsVktCf6gBGwWDpFiTA==",
			"requires": {
				"@ethersproject/abstract-provider": "^5.0.8",
				"@ethersproject/bignumber": "^5.0.13",
				"@ethersproject/bytes": "^5.0.9",
				"@ethersproject/logger": "^5.0.8",
				"@ethersproject/properties": "^5.0.7"
			}
		},
		"@ethersproject/address": {
			"version": "5.0.10",
			"resolved": "https://registry.npmjs.org/@ethersproject/address/-/address-5.0.10.tgz",
			"integrity": "sha512-70vqESmW5Srua1kMDIN6uVfdneZMaMyRYH4qPvkAXGkbicrCOsA9m01vIloA4wYiiF+HLEfL1ENKdn5jb9xiAw==",
			"requires": {
				"@ethersproject/bignumber": "^5.0.13",
				"@ethersproject/bytes": "^5.0.9",
				"@ethersproject/keccak256": "^5.0.7",
				"@ethersproject/logger": "^5.0.8",
				"@ethersproject/rlp": "^5.0.7"
			}
		},
		"@ethersproject/base64": {
			"version": "5.0.8",
			"resolved": "https://registry.npmjs.org/@ethersproject/base64/-/base64-5.0.8.tgz",
			"integrity": "sha512-PNbpHOMgZpZ1skvQl119pV2YkCPXmZTxw+T92qX0z7zaMFPypXWTZBzim+hUceb//zx4DFjeGT4aSjZRTOYThg==",
			"requires": {
				"@ethersproject/bytes": "^5.0.9"
			}
		},
		"@ethersproject/basex": {
			"version": "5.0.8",
			"resolved": "https://registry.npmjs.org/@ethersproject/basex/-/basex-5.0.8.tgz",
			"integrity": "sha512-PCVKZIShBQUqAXjJSvaCidThPvL0jaaQZcewJc0sf8Xx05BizaOS8r3jdPdpNdY+/qZtRDqwHTSKjvR/xssyLQ==",
			"requires": {
				"@ethersproject/bytes": "^5.0.9",
				"@ethersproject/properties": "^5.0.7"
			}
		},
		"@ethersproject/bignumber": {
			"version": "5.0.14",
			"resolved": "https://registry.npmjs.org/@ethersproject/bignumber/-/bignumber-5.0.14.tgz",
			"integrity": "sha512-Q4TjMq9Gg3Xzj0aeJWqJgI3tdEiPiET7Y5OtNtjTAODZ2kp4y9jMNg97zVcvPedFvGROdpGDyCI77JDFodUzOw==",
			"requires": {
				"@ethersproject/bytes": "^5.0.9",
				"@ethersproject/logger": "^5.0.8",
				"bn.js": "^4.4.0"
			}
		},
		"@ethersproject/bytes": {
			"version": "5.3.0",
			"resolved": "https://registry.npmjs.org/@ethersproject/bytes/-/bytes-5.3.0.tgz",
			"integrity": "sha512-rqLJjdVqCcn7glPer7Fxh87PRqlnRScVAoxcIP3PmOUNApMWJ6yRdOFfo2KvPAdO7Le3yEI1o0YW+Yvr7XCYvw==",
			"requires": {
				"@ethersproject/logger": "^5.3.0"
			}
		},
		"@ethersproject/constants": {
			"version": "5.0.9",
			"resolved": "https://registry.npmjs.org/@ethersproject/constants/-/constants-5.0.9.tgz",
			"integrity": "sha512-2uAKH89UcaJP/Sc+54u92BtJtZ4cPgcS1p0YbB1L3tlkavwNvth+kNCUplIB1Becqs7BOZr0B/3dMNjhJDy4Dg==",
			"requires": {
				"@ethersproject/bignumber": "^5.0.13"
			}
		},
		"@ethersproject/contracts": {
			"version": "5.0.10",
			"resolved": "https://registry.npmjs.org/@ethersproject/contracts/-/contracts-5.0.10.tgz",
			"integrity": "sha512-h9kdvllwT6B1LyUXeNQIb7Y6u6ZprP5LUiQIjSqvOehhm1sFZcaVtydsSa0LIg3SBC5QF0M7zH5p7EtI2VD0rQ==",
			"requires": {
				"@ethersproject/abi": "^5.0.10",
				"@ethersproject/abstract-provider": "^5.0.8",
				"@ethersproject/abstract-signer": "^5.0.10",
				"@ethersproject/address": "^5.0.9",
				"@ethersproject/bignumber": "^5.0.13",
				"@ethersproject/bytes": "^5.0.9",
				"@ethersproject/constants": "^5.0.8",
				"@ethersproject/logger": "^5.0.8",
				"@ethersproject/properties": "^5.0.7"
			}
		},
		"@ethersproject/hash": {
			"version": "5.0.11",
			"resolved": "https://registry.npmjs.org/@ethersproject/hash/-/hash-5.0.11.tgz",
			"integrity": "sha512-H3KJ9fk33XWJ2djAW03IL7fg3DsDMYjO1XijiUb1hJ85vYfhvxu0OmsU7d3tg2Uv1H1kFSo8ghr3WFQ8c+NL3g==",
			"requires": {
				"@ethersproject/abstract-signer": "^5.0.10",
				"@ethersproject/address": "^5.0.9",
				"@ethersproject/bignumber": "^5.0.13",
				"@ethersproject/bytes": "^5.0.9",
				"@ethersproject/keccak256": "^5.0.7",
				"@ethersproject/logger": "^5.0.8",
				"@ethersproject/properties": "^5.0.7",
				"@ethersproject/strings": "^5.0.8"
			}
		},
		"@ethersproject/hdnode": {
			"version": "5.0.9",
			"resolved": "https://registry.npmjs.org/@ethersproject/hdnode/-/hdnode-5.0.9.tgz",
			"integrity": "sha512-S5UMmIC6XfFtqhUK4uTjD8GPNzSbE+sZ/0VMqFnA3zAJ+cEFZuEyhZDYnl2ItGJzjT4jsy+uEy1SIl3baYK1PQ==",
			"requires": {
				"@ethersproject/abstract-signer": "^5.0.10",
				"@ethersproject/basex": "^5.0.7",
				"@ethersproject/bignumber": "^5.0.13",
				"@ethersproject/bytes": "^5.0.9",
				"@ethersproject/logger": "^5.0.8",
				"@ethersproject/pbkdf2": "^5.0.7",
				"@ethersproject/properties": "^5.0.7",
				"@ethersproject/sha2": "^5.0.7",
				"@ethersproject/signing-key": "^5.0.8",
				"@ethersproject/strings": "^5.0.8",
				"@ethersproject/transactions": "^5.0.9",
				"@ethersproject/wordlists": "^5.0.8"
			}
		},
		"@ethersproject/json-wallets": {
			"version": "5.0.11",
			"resolved": "https://registry.npmjs.org/@ethersproject/json-wallets/-/json-wallets-5.0.11.tgz",
			"integrity": "sha512-0GhWScWUlXXb4qJNp0wmkU95QS3YdN9UMOfMSEl76CRANWWrmyzxcBVSXSBu5iQ0/W8wO+xGlJJ3tpA6v3mbIw==",
			"requires": {
				"@ethersproject/abstract-signer": "^5.0.10",
				"@ethersproject/address": "^5.0.9",
				"@ethersproject/bytes": "^5.0.9",
				"@ethersproject/hdnode": "^5.0.8",
				"@ethersproject/keccak256": "^5.0.7",
				"@ethersproject/logger": "^5.0.8",
				"@ethersproject/pbkdf2": "^5.0.7",
				"@ethersproject/properties": "^5.0.7",
				"@ethersproject/random": "^5.0.7",
				"@ethersproject/strings": "^5.0.8",
				"@ethersproject/transactions": "^5.0.9",
				"aes-js": "3.0.0",
				"scrypt-js": "3.0.1"
			}
		},
		"@ethersproject/keccak256": {
			"version": "5.3.0",
			"resolved": "https://registry.npmjs.org/@ethersproject/keccak256/-/keccak256-5.3.0.tgz",
			"integrity": "sha512-Gv2YqgIUmRbYVNIibafT0qGaeGYLIA/EdWHJ7JcVxVSs2vyxafGxOJ5VpSBHWeOIsE6OOaCelYowhuuTicgdFQ==",
			"requires": {
				"@ethersproject/bytes": "^5.3.0",
				"js-sha3": "0.5.7"
			}
		},
		"@ethersproject/logger": {
			"version": "5.3.0",
			"resolved": "https://registry.npmjs.org/@ethersproject/logger/-/logger-5.3.0.tgz",
			"integrity": "sha512-8bwJ2gxJGkZZnpQSq5uSiZSJjyVTWmlGft4oH8vxHdvO1Asy4TwVepAhPgxIQIMxXZFUNMych1YjIV4oQ4I7dA=="
		},
		"@ethersproject/networks": {
			"version": "5.0.8",
			"resolved": "https://registry.npmjs.org/@ethersproject/networks/-/networks-5.0.8.tgz",
			"integrity": "sha512-PYpptlO2Tu5f/JEBI5hdlMds5k1DY1QwVbh3LKPb3un9dQA2bC51vd2/gRWAgSBpF3kkmZOj4FhD7ATLX4H+DA==",
			"requires": {
				"@ethersproject/logger": "^5.0.8"
			}
		},
		"@ethersproject/pbkdf2": {
			"version": "5.0.8",
			"resolved": "https://registry.npmjs.org/@ethersproject/pbkdf2/-/pbkdf2-5.0.8.tgz",
			"integrity": "sha512-UlmAMGbIPaS2xXsI38FbePVTfJMuU9jnwcqVn3p88HxPF4kD897ha+l3TNsBqJqf32UbQL5GImnf1oJkSKq4vQ==",
			"requires": {
				"@ethersproject/bytes": "^5.0.9",
				"@ethersproject/sha2": "^5.0.7"
			}
		},
		"@ethersproject/properties": {
			"version": "5.0.8",
			"resolved": "https://registry.npmjs.org/@ethersproject/properties/-/properties-5.0.8.tgz",
			"integrity": "sha512-zEnLMze2Eu2VDPj/05QwCwMKHh506gpT9PP9KPVd4dDB+5d6AcROUYVLoIIQgBYK7X/Gw0UJmG3oVtnxOQafAw==",
			"requires": {
				"@ethersproject/logger": "^5.0.8"
			}
		},
		"@ethersproject/providers": {
			"version": "5.0.21",
			"resolved": "https://registry.npmjs.org/@ethersproject/providers/-/providers-5.0.21.tgz",
			"integrity": "sha512-KyH9TylyLqspbO/2C0ph+0ZpOnb/2GkKQtpcs7IyHZ/wHXdhbClLeaBdO0b4Fpo6zAZWjgIdN6WUOMGkyy7b6A==",
			"requires": {
				"@ethersproject/abstract-provider": "^5.0.8",
				"@ethersproject/abstract-signer": "^5.0.10",
				"@ethersproject/address": "^5.0.9",
				"@ethersproject/basex": "^5.0.7",
				"@ethersproject/bignumber": "^5.0.13",
				"@ethersproject/bytes": "^5.0.9",
				"@ethersproject/constants": "^5.0.8",
				"@ethersproject/hash": "^5.0.10",
				"@ethersproject/logger": "^5.0.8",
				"@ethersproject/networks": "^5.0.7",
				"@ethersproject/properties": "^5.0.7",
				"@ethersproject/random": "^5.0.7",
				"@ethersproject/rlp": "^5.0.7",
				"@ethersproject/sha2": "^5.0.7",
				"@ethersproject/strings": "^5.0.8",
				"@ethersproject/transactions": "^5.0.9",
				"@ethersproject/web": "^5.0.12",
				"bech32": "1.1.4",
				"ws": "7.2.3"
			}
		},
		"@ethersproject/random": {
			"version": "5.0.8",
			"resolved": "https://registry.npmjs.org/@ethersproject/random/-/random-5.0.8.tgz",
			"integrity": "sha512-4rHtotmd9NjklW0eDvByicEkL+qareIyFSbG1ShC8tPJJSAC0g55oQWzw+3nfdRCgBHRuEE7S8EcPcTVPvZ9cA==",
			"requires": {
				"@ethersproject/bytes": "^5.0.9",
				"@ethersproject/logger": "^5.0.8"
			}
		},
		"@ethersproject/rlp": {
			"version": "5.0.8",
			"resolved": "https://registry.npmjs.org/@ethersproject/rlp/-/rlp-5.0.8.tgz",
			"integrity": "sha512-E4wdFs8xRNJfzNHmnkC8w5fPeT4Wd1U2cust3YeT16/46iSkLT8nn8ilidC6KhR7hfuSZE4UqSPzyk76p7cdZg==",
			"requires": {
				"@ethersproject/bytes": "^5.0.9",
				"@ethersproject/logger": "^5.0.8"
			}
		},
		"@ethersproject/sha2": {
			"version": "5.0.8",
			"resolved": "https://registry.npmjs.org/@ethersproject/sha2/-/sha2-5.0.8.tgz",
			"integrity": "sha512-ILP1ZgyvDj4rrdE+AXrTv9V88m7x87uga2VZ/FeULKPumOEw/4bGnJz/oQ8zDnDvVYRCJ+48VaQBS2CFLbk1ww==",
			"requires": {
				"@ethersproject/bytes": "^5.0.9",
				"@ethersproject/logger": "^5.0.8",
				"hash.js": "1.1.3"
			},
			"dependencies": {
				"hash.js": {
					"version": "1.1.3",
					"resolved": "https://registry.npmjs.org/hash.js/-/hash.js-1.1.3.tgz",
					"integrity": "sha512-/UETyP0W22QILqS+6HowevwhEFJ3MBJnwTf75Qob9Wz9t0DPuisL8kW8YZMK62dHAKE1c1p+gY1TtOLY+USEHA==",
					"requires": {
						"inherits": "^2.0.3",
						"minimalistic-assert": "^1.0.0"
					}
				}
			}
		},
		"@ethersproject/signing-key": {
			"version": "5.0.9",
			"resolved": "https://registry.npmjs.org/@ethersproject/signing-key/-/signing-key-5.0.9.tgz",
			"integrity": "sha512-AobnsEiLv+Z4a/NbbelwB/Lsnc+qxeNejXDlEwbo/nwjijvxLpwiNN+rjx/lQGel1QnQ/d+lEv7xezyUaXdKFQ==",
			"requires": {
				"@ethersproject/bytes": "^5.0.9",
				"@ethersproject/logger": "^5.0.8",
				"@ethersproject/properties": "^5.0.7",
				"elliptic": "6.5.3"
			}
		},
		"@ethersproject/solidity": {
			"version": "5.0.9",
			"resolved": "https://registry.npmjs.org/@ethersproject/solidity/-/solidity-5.0.9.tgz",
			"integrity": "sha512-LIxSAYEQgLRXE3mRPCq39ou61kqP8fDrGqEeNcaNJS3aLbmAOS8MZp56uK++WsdI9hj8sNsFh78hrAa6zR9Jag==",
			"requires": {
				"@ethersproject/bignumber": "^5.0.13",
				"@ethersproject/bytes": "^5.0.9",
				"@ethersproject/keccak256": "^5.0.7",
				"@ethersproject/sha2": "^5.0.7",
				"@ethersproject/strings": "^5.0.8"
			}
		},
		"@ethersproject/strings": {
			"version": "5.0.9",
			"resolved": "https://registry.npmjs.org/@ethersproject/strings/-/strings-5.0.9.tgz",
			"integrity": "sha512-ogxBpcUpdO524CYs841MoJHgHxEPUy0bJFDS4Ezg8My+WYVMfVAOlZSLss0Rurbeeam8CpUVDzM4zUn09SU66Q==",
			"requires": {
				"@ethersproject/bytes": "^5.0.9",
				"@ethersproject/constants": "^5.0.8",
				"@ethersproject/logger": "^5.0.8"
			}
		},
		"@ethersproject/transactions": {
			"version": "5.0.10",
			"resolved": "https://registry.npmjs.org/@ethersproject/transactions/-/transactions-5.0.10.tgz",
			"integrity": "sha512-Tqpp+vKYQyQdJQQk4M73tDzO7ODf2D42/sJOcKlDAAbdSni13v6a+31hUdo02qYXhVYwIs+ZjHnO4zKv5BNk8w==",
			"requires": {
				"@ethersproject/address": "^5.0.9",
				"@ethersproject/bignumber": "^5.0.13",
				"@ethersproject/bytes": "^5.0.9",
				"@ethersproject/constants": "^5.0.8",
				"@ethersproject/keccak256": "^5.0.7",
				"@ethersproject/logger": "^5.0.8",
				"@ethersproject/properties": "^5.0.7",
				"@ethersproject/rlp": "^5.0.7",
				"@ethersproject/signing-key": "^5.0.8"
			}
		},
		"@ethersproject/units": {
			"version": "5.0.10",
			"resolved": "https://registry.npmjs.org/@ethersproject/units/-/units-5.0.10.tgz",
			"integrity": "sha512-eaiHi9ham5lbC7qpqxpae7OY/nHJUnRUnFFuEwi2VB5Nwe3Np468OAV+e+HR+jAK4fHXQE6PFBTxWGtnZuO37g==",
			"requires": {
				"@ethersproject/bignumber": "^5.0.13",
				"@ethersproject/constants": "^5.0.8",
				"@ethersproject/logger": "^5.0.8"
			}
		},
		"@ethersproject/wallet": {
			"version": "5.0.11",
			"resolved": "https://registry.npmjs.org/@ethersproject/wallet/-/wallet-5.0.11.tgz",
			"integrity": "sha512-2Fg/DOvUltR7aZTOyWWlQhru+SKvq2UE3uEhXSyCFgMqDQNuc2nHXh1SHJtN65jsEbjVIppOe1Q7EQMvhmeeRw==",
			"requires": {
				"@ethersproject/abstract-provider": "^5.0.8",
				"@ethersproject/abstract-signer": "^5.0.10",
				"@ethersproject/address": "^5.0.9",
				"@ethersproject/bignumber": "^5.0.13",
				"@ethersproject/bytes": "^5.0.9",
				"@ethersproject/hash": "^5.0.10",
				"@ethersproject/hdnode": "^5.0.8",
				"@ethersproject/json-wallets": "^5.0.10",
				"@ethersproject/keccak256": "^5.0.7",
				"@ethersproject/logger": "^5.0.8",
				"@ethersproject/properties": "^5.0.7",
				"@ethersproject/random": "^5.0.7",
				"@ethersproject/signing-key": "^5.0.8",
				"@ethersproject/transactions": "^5.0.9",
				"@ethersproject/wordlists": "^5.0.8"
			}
		},
		"@ethersproject/web": {
			"version": "5.0.13",
			"resolved": "https://registry.npmjs.org/@ethersproject/web/-/web-5.0.13.tgz",
			"integrity": "sha512-G3x/Ns7pQm21ALnWLbdBI5XkW/jrsbXXffI9hKNPHqf59mTxHYtlNiSwxdoTSwCef3Hn7uvGZpaSgTyxs7IufQ==",
			"requires": {
				"@ethersproject/base64": "^5.0.7",
				"@ethersproject/bytes": "^5.0.9",
				"@ethersproject/logger": "^5.0.8",
				"@ethersproject/properties": "^5.0.7",
				"@ethersproject/strings": "^5.0.8"
			}
		},
		"@ethersproject/wordlists": {
			"version": "5.0.9",
			"resolved": "https://registry.npmjs.org/@ethersproject/wordlists/-/wordlists-5.0.9.tgz",
			"integrity": "sha512-Sn6MTjZkfbriod6GG6+p43W09HOXT4gwcDVNj0YoPYlo4Zq2Fk6b1CU9KUX3c6aI17PrgYb4qwZm5BMuORyqyQ==",
			"requires": {
				"@ethersproject/bytes": "^5.0.9",
				"@ethersproject/hash": "^5.0.10",
				"@ethersproject/logger": "^5.0.8",
				"@ethersproject/properties": "^5.0.7",
				"@ethersproject/strings": "^5.0.8"
			}
		},
		"@makerdao/multicall": {
			"version": "0.12.0",
			"resolved": "https://registry.npmjs.org/@makerdao/multicall/-/multicall-0.12.0.tgz",
			"integrity": "sha512-ARyv5EFqiaRegm1axPcDsOboBv8nCV6wDbPk9ODk5I1vM9IIcDOhw2DgPyW4i1+3ahrDTyuxPPy36Jm8My+LdA==",
			"requires": {
				"@babel/runtime": "^7.7.4",
				"cross-fetch": "^3.0.4",
				"debug": "^4.1.1",
				"ethers": "^4.0.27",
				"invariant": "^2.2.4",
				"isomorphic-ws": "^4.0.1",
				"lodash": "^4.17.11",
				"ws": "^7.2.0"
			},
			"dependencies": {
				"ethers": {
					"version": "4.0.48",
					"resolved": "https://registry.npmjs.org/ethers/-/ethers-4.0.48.tgz",
					"integrity": "sha512-sZD5K8H28dOrcidzx9f8KYh8083n5BexIO3+SbE4jK83L85FxtpXZBCQdXb8gkg+7sBqomcLhhkU7UHL+F7I2g==",
					"requires": {
						"aes-js": "3.0.0",
						"bn.js": "^4.4.0",
						"elliptic": "6.5.3",
						"hash.js": "1.1.3",
						"js-sha3": "0.5.7",
						"scrypt-js": "2.0.4",
						"setimmediate": "1.0.4",
						"uuid": "2.0.1",
						"xmlhttprequest": "1.8.0"
					}
				},
				"hash.js": {
					"version": "1.1.3",
					"resolved": "https://registry.npmjs.org/hash.js/-/hash.js-1.1.3.tgz",
					"integrity": "sha512-/UETyP0W22QILqS+6HowevwhEFJ3MBJnwTf75Qob9Wz9t0DPuisL8kW8YZMK62dHAKE1c1p+gY1TtOLY+USEHA==",
					"requires": {
						"inherits": "^2.0.3",
						"minimalistic-assert": "^1.0.0"
					}
				},
				"scrypt-js": {
					"version": "2.0.4",
					"resolved": "https://registry.npmjs.org/scrypt-js/-/scrypt-js-2.0.4.tgz",
					"integrity": "sha512-4KsaGcPnuhtCZQCxFxN3GVYIhKFPTdLd8PLC552XwbMndtD0cjRFAhDuuydXQ0h08ZfPgzqe6EKHozpuH74iDw=="
				}
			}
		},
		"@material-ui/styles": {
			"version": "4.11.3",
			"resolved": "https://registry.npmjs.org/@material-ui/styles/-/styles-4.11.3.tgz",
			"integrity": "sha512-HzVzCG+PpgUGMUYEJ2rTEmQYeonGh41BYfILNFb/1ueqma+p1meSdu4RX6NjxYBMhf7k+jgfHFTTz+L1SXL/Zg==",
			"requires": {
				"@babel/runtime": "^7.4.4",
				"@emotion/hash": "^0.8.0",
				"@material-ui/types": "^5.1.0",
				"@material-ui/utils": "^4.11.2",
				"clsx": "^1.0.4",
				"csstype": "^2.5.2",
				"hoist-non-react-statics": "^3.3.2",
				"jss": "^10.5.1",
				"jss-plugin-camel-case": "^10.5.1",
				"jss-plugin-default-unit": "^10.5.1",
				"jss-plugin-global": "^10.5.1",
				"jss-plugin-nested": "^10.5.1",
				"jss-plugin-props-sort": "^10.5.1",
				"jss-plugin-rule-value-function": "^10.5.1",
				"jss-plugin-vendor-prefixer": "^10.5.1",
				"prop-types": "^15.7.2"
			}
		},
		"@material-ui/types": {
			"version": "5.1.0",
			"resolved": "https://registry.npmjs.org/@material-ui/types/-/types-5.1.0.tgz",
			"integrity": "sha512-7cqRjrY50b8QzRSYyhSpx4WRw2YuO0KKIGQEVk5J8uoz2BanawykgZGoWEqKm7pVIbzFDN0SpPcVV4IhOFkl8A=="
		},
		"@material-ui/utils": {
			"version": "4.11.2",
			"resolved": "https://registry.npmjs.org/@material-ui/utils/-/utils-4.11.2.tgz",
			"integrity": "sha512-Uul8w38u+PICe2Fg2pDKCaIG7kOyhowZ9vjiC1FsVwPABTW8vPPKfF6OvxRq3IiBaI1faOJmgdvMG7rMJARBhA==",
			"requires": {
				"@babel/runtime": "^7.4.4",
				"prop-types": "^15.7.2",
				"react-is": "^16.8.0 || ^17.0.0"
			}
		},
		"@web3-react/abstract-connector": {
			"version": "6.0.7",
			"resolved": "https://registry.npmjs.org/@web3-react/abstract-connector/-/abstract-connector-6.0.7.tgz",
			"integrity": "sha512-RhQasA4Ox8CxUC0OENc1AJJm8UTybu/oOCM61Zjg6y0iF7Z0sqv1Ai1VdhC33hrQpA8qSBgoXN9PaP8jKmtdqg==",
			"requires": {
				"@web3-react/types": "^6.0.7"
			}
		},
		"@web3-react/core": {
			"version": "6.1.1",
			"resolved": "https://registry.npmjs.org/@web3-react/core/-/core-6.1.1.tgz",
			"integrity": "sha512-HKXOgPNCmFvrVsed+aW/HlVhwzs8t3b+nzg3BoxgJQo/5yLiJXSumHRBdUrPxhBQiHkHRZiVPAvzf/8JMnm74Q==",
			"requires": {
				"@ethersproject/keccak256": "^5.0.0-beta.130",
				"@web3-react/abstract-connector": "^6.0.7",
				"@web3-react/types": "^6.0.7",
				"tiny-invariant": "^1.0.6",
				"tiny-warning": "^1.0.3"
			}
		},
		"@web3-react/injected-connector": {
			"version": "6.0.7",
			"resolved": "https://registry.npmjs.org/@web3-react/injected-connector/-/injected-connector-6.0.7.tgz",
			"integrity": "sha512-Y7aJSz6pg+MWKtvdyuqyy6LWuH+4Tqtph1LWfiyVms9II9ar/9B/de4R8wh4wjg91wmHkU+D75yP09E/Soh2RA==",
			"requires": {
				"@web3-react/abstract-connector": "^6.0.7",
				"@web3-react/types": "^6.0.7",
				"tiny-warning": "^1.0.3"
			}
		},
		"@web3-react/types": {
			"version": "6.0.7",
			"resolved": "https://registry.npmjs.org/@web3-react/types/-/types-6.0.7.tgz",
			"integrity": "sha512-ofGmfDhxmNT1/P/MgVa8IKSkCStFiyvXe+U5tyZurKdrtTDFU+wJ/LxClPDtFerWpczNFPUSrKcuhfPX1sI6+A=="
		},
		"aes-js": {
			"version": "3.0.0",
			"resolved": "https://registry.npmjs.org/aes-js/-/aes-js-3.0.0.tgz",
			"integrity": "sha1-4h3xCtbCBTKVvLuNq0Cwnb6ofk0="
		},
		"bech32": {
			"version": "1.1.4",
			"resolved": "https://registry.npmjs.org/bech32/-/bech32-1.1.4.tgz",
			"integrity": "sha512-s0IrSOzLlbvX7yp4WBfPITzpAU8sqQcpsmwXDiKwrG4r491vwCO/XpejasRNl0piBMe/DvP4Tz0mIS/X1DPJBQ=="
		},
		"bn.js": {
			"version": "4.12.0",
			"resolved": "https://registry.npmjs.org/bn.js/-/bn.js-4.12.0.tgz",
			"integrity": "sha512-c98Bf3tPniI+scsdk237ku1Dc3ujXQTSgyiPUDEOe7tRkhrqridvh8klBv0HCEso1OLOYcHuCv/cS6DNxKH+ZA=="
		},
		"brorand": {
			"version": "1.1.0",
			"resolved": "https://registry.npmjs.org/brorand/-/brorand-1.1.0.tgz",
			"integrity": "sha1-EsJe/kCkXjwyPrhnWgoM5XsiNx8="
		},
		"clsx": {
			"version": "1.1.1",
			"resolved": "https://registry.npmjs.org/clsx/-/clsx-1.1.1.tgz",
			"integrity": "sha512-6/bPho624p3S2pMyvP5kKBPXnI3ufHLObBFCfgx+LkeR5lg2XYy2hqZqUf45ypD8COn2bhgGJSUE+l5dhNBieA=="
		},
		"cross-fetch": {
			"version": "3.1.4",
			"resolved": "https://registry.npmjs.org/cross-fetch/-/cross-fetch-3.1.4.tgz",
			"integrity": "sha512-1eAtFWdIubi6T4XPy6ei9iUFoKpUkIF971QLN8lIvvvwueI65+Nw5haMNKUwfJxabqlIIDODJKGrQ66gxC0PbQ==",
			"requires": {
				"node-fetch": "2.6.1"
			}
		},
		"css-vendor": {
			"version": "2.0.8",
			"resolved": "https://registry.npmjs.org/css-vendor/-/css-vendor-2.0.8.tgz",
			"integrity": "sha512-x9Aq0XTInxrkuFeHKbYC7zWY8ai7qJ04Kxd9MnvbC1uO5DagxoHQjm4JvG+vCdXOoFtCjbL2XSZfxmoYa9uQVQ==",
			"requires": {
				"@babel/runtime": "^7.8.3",
				"is-in-browser": "^1.0.2"
			}
		},
		"csstype": {
			"version": "2.6.17",
			"resolved": "https://registry.npmjs.org/csstype/-/csstype-2.6.17.tgz",
			"integrity": "sha512-u1wmTI1jJGzCJzWndZo8mk4wnPTZd1eOIYTYvuEyOQGfmDl3TrabCCfKnOC86FZwW/9djqTl933UF/cS425i9A=="
		},
		"debug": {
			"version": "4.3.1",
			"resolved": "https://registry.npmjs.org/debug/-/debug-4.3.1.tgz",
			"integrity": "sha512-doEwdvm4PCeK4K3RQN2ZC2BYUBaxwLARCqZmMjtF8a51J2Rb0xpVloFRnCODwqjpwnAoao4pelN8l3RJdv3gRQ==",
			"requires": {
				"ms": "2.1.2"
			}
		},
		"elliptic": {
			"version": "6.5.3",
			"resolved": "https://registry.npmjs.org/elliptic/-/elliptic-6.5.3.tgz",
			"integrity": "sha512-IMqzv5wNQf+E6aHeIqATs0tOLeOTwj1QKbRcS3jBbYkl5oLAserA8yJTT7/VyHUYG91PRmPyeQDObKLPpeS4dw==",
			"requires": {
				"bn.js": "^4.4.0",
				"brorand": "^1.0.1",
				"hash.js": "^1.0.0",
				"hmac-drbg": "^1.0.0",
				"inherits": "^2.0.1",
				"minimalistic-assert": "^1.0.0",
				"minimalistic-crypto-utils": "^1.0.0"
			}
		},
		"ethers": {
			"version": "5.0.29",
			"resolved": "https://registry.npmjs.org/ethers/-/ethers-5.0.29.tgz",
			"integrity": "sha512-uNMOIbr9dXzBrHwcdelYlkvkPuL8chlPE8i++aNPCCAgI4agl0e9l/FRdToqu/cCQG8uNwmJlJp2eq4wU0oAMA==",
			"requires": {
				"@ethersproject/abi": "5.0.12",
				"@ethersproject/abstract-provider": "5.0.9",
				"@ethersproject/abstract-signer": "5.0.12",
				"@ethersproject/address": "5.0.10",
				"@ethersproject/base64": "5.0.8",
				"@ethersproject/basex": "5.0.8",
				"@ethersproject/bignumber": "5.0.14",
				"@ethersproject/bytes": "5.0.10",
				"@ethersproject/constants": "5.0.9",
				"@ethersproject/contracts": "5.0.10",
				"@ethersproject/hash": "5.0.11",
				"@ethersproject/hdnode": "5.0.9",
				"@ethersproject/json-wallets": "5.0.11",
				"@ethersproject/keccak256": "5.0.8",
				"@ethersproject/logger": "5.0.9",
				"@ethersproject/networks": "5.0.8",
				"@ethersproject/pbkdf2": "5.0.8",
				"@ethersproject/properties": "5.0.8",
				"@ethersproject/providers": "5.0.21",
				"@ethersproject/random": "5.0.8",
				"@ethersproject/rlp": "5.0.8",
				"@ethersproject/sha2": "5.0.8",
				"@ethersproject/signing-key": "5.0.9",
				"@ethersproject/solidity": "5.0.9",
				"@ethersproject/strings": "5.0.9",
				"@ethersproject/transactions": "5.0.10",
				"@ethersproject/units": "5.0.10",
				"@ethersproject/wallet": "5.0.11",
				"@ethersproject/web": "5.0.13",
				"@ethersproject/wordlists": "5.0.9"
			},
			"dependencies": {
				"@ethersproject/bytes": {
					"version": "5.0.10",
					"resolved": "https://registry.npmjs.org/@ethersproject/bytes/-/bytes-5.0.10.tgz",
					"integrity": "sha512-vpu0v1LZ1j1s9kERQIMnVU69MyHEzUff7nqK9XuCU4vx+AM8n9lU2gj7jtJIvGSt9HzatK/6I6bWusI5nyuaTA==",
					"requires": {
						"@ethersproject/logger": "^5.0.8"
					}
				},
				"@ethersproject/keccak256": {
					"version": "5.0.8",
					"resolved": "https://registry.npmjs.org/@ethersproject/keccak256/-/keccak256-5.0.8.tgz",
					"integrity": "sha512-zoGbwXcWWs9MX4NOAZ7N0hhgIRl4Q/IO/u9c/RHRY4WqDy3Ywm0OLamEV53QDwhjwn3YiiVwU1Ve5j7yJ0a/KQ==",
					"requires": {
						"@ethersproject/bytes": "^5.0.9",
						"js-sha3": "0.5.7"
					}
				},
				"@ethersproject/logger": {
					"version": "5.0.9",
					"resolved": "https://registry.npmjs.org/@ethersproject/logger/-/logger-5.0.9.tgz",
					"integrity": "sha512-kV3Uamv3XOH99Xf3kpIG3ZkS7mBNYcLDM00JSDtNgNB4BihuyxpQzIZPRIDmRi+95Z/R1Bb0X2kUNHa/kJoVrw=="
				}
			}
		},
		"hash.js": {
			"version": "1.1.7",
			"resolved": "https://registry.npmjs.org/hash.js/-/hash.js-1.1.7.tgz",
			"integrity": "sha512-taOaskGt4z4SOANNseOviYDvjEJinIkRgmp7LbKP2YTTmVxWBl87s/uzK9r+44BclBSp2X7K1hqeNfz9JbBeXA==",
			"requires": {
				"inherits": "^2.0.3",
				"minimalistic-assert": "^1.0.1"
			}
		},
		"hmac-drbg": {
			"version": "1.0.1",
			"resolved": "https://registry.npmjs.org/hmac-drbg/-/hmac-drbg-1.0.1.tgz",
			"integrity": "sha1-0nRXAQJabHdabFRXk+1QL8DGSaE=",
			"requires": {
				"hash.js": "^1.0.3",
				"minimalistic-assert": "^1.0.0",
				"minimalistic-crypto-utils": "^1.0.1"
			}
		},
		"hoist-non-react-statics": {
			"version": "3.3.2",
			"resolved": "https://registry.npmjs.org/hoist-non-react-statics/-/hoist-non-react-statics-3.3.2.tgz",
			"integrity": "sha512-/gGivxi8JPKWNm/W0jSmzcMPpfpPLc3dY/6GxhX2hQ9iGj3aDfklV4ET7NjKpSinLpJ5vafa9iiGIEZg10SfBw==",
			"requires": {
				"react-is": "^16.7.0"
			},
			"dependencies": {
				"react-is": {
					"version": "16.13.1",
					"resolved": "https://registry.npmjs.org/react-is/-/react-is-16.13.1.tgz",
					"integrity": "sha512-24e6ynE2H+OKt4kqsOvNd8kBpV65zoxbA4BVsEOB3ARVWQki/DHzaUoC5KuON/BiccDaCCTZBuOcfZs70kR8bQ=="
				}
			}
		},
		"hyphenate-style-name": {
			"version": "1.0.4",
			"resolved": "https://registry.npmjs.org/hyphenate-style-name/-/hyphenate-style-name-1.0.4.tgz",
			"integrity": "sha512-ygGZLjmXfPHj+ZWh6LwbC37l43MhfztxetbFCoYTM2VjkIUpeHgSNn7QIyVFj7YQ1Wl9Cbw5sholVJPzWvC2MQ=="
		},
		"indefinite-observable": {
			"version": "2.0.1",
			"resolved": "https://registry.npmjs.org/indefinite-observable/-/indefinite-observable-2.0.1.tgz",
			"integrity": "sha512-G8vgmork+6H9S8lUAg1gtXEj2JxIQTo0g2PbFiYOdjkziSI0F7UYBiVwhZRuixhBCNGczAls34+5HJPyZysvxQ==",
			"requires": {
				"symbol-observable": "1.2.0"
			}
		},
		"inherits": {
			"version": "2.0.4",
			"resolved": "https://registry.npmjs.org/inherits/-/inherits-2.0.4.tgz",
			"integrity": "sha512-k/vGaX4/Yla3WzyMCvTQOXYeIHvqOKtnqBduzTHpzpQZzAskKMhZ2K+EnBiSM9zGSoIFeMpXKxa4dYeZIQqewQ=="
		},
		"invariant": {
			"version": "2.2.4",
			"resolved": "https://registry.npmjs.org/invariant/-/invariant-2.2.4.tgz",
			"integrity": "sha512-phJfQVBuaJM5raOpJjSfkiD6BpbCE4Ns//LaXl6wGYtUBY83nWS6Rf9tXm2e8VaK60JEjYldbPif/A2B1C2gNA==",
			"requires": {
				"loose-envify": "^1.0.0"
			}
		},
		"is-in-browser": {
			"version": "1.1.3",
			"resolved": "https://registry.npmjs.org/is-in-browser/-/is-in-browser-1.1.3.tgz",
			"integrity": "sha1-Vv9NtoOgeMYILrldrX3GLh0E+DU="
		},
		"isomorphic-ws": {
			"version": "4.0.1",
			"resolved": "https://registry.npmjs.org/isomorphic-ws/-/isomorphic-ws-4.0.1.tgz",
			"integrity": "sha512-BhBvN2MBpWTaSHdWRb/bwdZJ1WaehQ2L1KngkCkfLUGF0mAWAT1sQUQacEmQ0jXkFw/czDXPNQSL5u2/Krsz1w=="
		},
		"js-sha3": {
			"version": "0.5.7",
			"resolved": "https://registry.npmjs.org/js-sha3/-/js-sha3-0.5.7.tgz",
			"integrity": "sha1-DU/9gALVMzqrr0oj7tL2N0yfKOc="
		},
		"js-tokens": {
			"version": "4.0.0",
			"resolved": "https://registry.npmjs.org/js-tokens/-/js-tokens-4.0.0.tgz",
			"integrity": "sha512-RdJUflcE3cUzKiMqQgsCu06FPu9UdIJO0beYbPhHN4k6apgJtifcoCtT9bcxOpYBtpD2kCM6Sbzg4CausW/PKQ=="
		},
		"jss": {
			"version": "10.6.0",
			"resolved": "https://registry.npmjs.org/jss/-/jss-10.6.0.tgz",
			"integrity": "sha512-n7SHdCozmxnzYGXBHe0NsO0eUf9TvsHVq2MXvi4JmTn3x5raynodDVE/9VQmBdWFyyj9HpHZ2B4xNZ7MMy7lkw==",
			"requires": {
				"@babel/runtime": "^7.3.1",
				"csstype": "^3.0.2",
				"indefinite-observable": "^2.0.1",
				"is-in-browser": "^1.1.3",
				"tiny-warning": "^1.0.2"
			},
			"dependencies": {
				"csstype": {
					"version": "3.0.8",
					"resolved": "https://registry.npmjs.org/csstype/-/csstype-3.0.8.tgz",
					"integrity": "sha512-jXKhWqXPmlUeoQnF/EhTtTl4C9SnrxSH/jZUih3jmO6lBKr99rP3/+FmrMj4EFpOXzMtXHAZkd3x0E6h6Fgflw=="
				}
			}
		},
		"jss-plugin-camel-case": {
			"version": "10.6.0",
			"resolved": "https://registry.npmjs.org/jss-plugin-camel-case/-/jss-plugin-camel-case-10.6.0.tgz",
			"integrity": "sha512-JdLpA3aI/npwj3nDMKk308pvnhoSzkW3PXlbgHAzfx0yHWnPPVUjPhXFtLJzgKZge8lsfkUxvYSQ3X2OYIFU6A==",
			"requires": {
				"@babel/runtime": "^7.3.1",
				"hyphenate-style-name": "^1.0.3",
				"jss": "10.6.0"
			}
		},
		"jss-plugin-default-unit": {
			"version": "10.6.0",
			"resolved": "https://registry.npmjs.org/jss-plugin-default-unit/-/jss-plugin-default-unit-10.6.0.tgz",
			"integrity": "sha512-7y4cAScMHAxvslBK2JRK37ES9UT0YfTIXWgzUWD5euvR+JR3q+o8sQKzBw7GmkQRfZijrRJKNTiSt1PBsLI9/w==",
			"requires": {
				"@babel/runtime": "^7.3.1",
				"jss": "10.6.0"
			}
		},
		"jss-plugin-global": {
			"version": "10.6.0",
			"resolved": "https://registry.npmjs.org/jss-plugin-global/-/jss-plugin-global-10.6.0.tgz",
			"integrity": "sha512-I3w7ji/UXPi3VuWrTCbHG9rVCgB4yoBQLehGDTmsnDfXQb3r1l3WIdcO8JFp9m0YMmyy2CU7UOV6oPI7/Tmu+w==",
			"requires": {
				"@babel/runtime": "^7.3.1",
				"jss": "10.6.0"
			}
		},
		"jss-plugin-nested": {
			"version": "10.6.0",
			"resolved": "https://registry.npmjs.org/jss-plugin-nested/-/jss-plugin-nested-10.6.0.tgz",
			"integrity": "sha512-fOFQWgd98H89E6aJSNkEh2fAXquC9aZcAVjSw4q4RoQ9gU++emg18encR4AT4OOIFl4lQwt5nEyBBRn9V1Rk8g==",
			"requires": {
				"@babel/runtime": "^7.3.1",
				"jss": "10.6.0",
				"tiny-warning": "^1.0.2"
			}
		},
		"jss-plugin-props-sort": {
			"version": "10.6.0",
			"resolved": "https://registry.npmjs.org/jss-plugin-props-sort/-/jss-plugin-props-sort-10.6.0.tgz",
			"integrity": "sha512-oMCe7hgho2FllNc60d9VAfdtMrZPo9n1Iu6RNa+3p9n0Bkvnv/XX5San8fTPujrTBScPqv9mOE0nWVvIaohNuw==",
			"requires": {
				"@babel/runtime": "^7.3.1",
				"jss": "10.6.0"
			}
		},
		"jss-plugin-rule-value-function": {
			"version": "10.6.0",
			"resolved": "https://registry.npmjs.org/jss-plugin-rule-value-function/-/jss-plugin-rule-value-function-10.6.0.tgz",
			"integrity": "sha512-TKFqhRTDHN1QrPTMYRlIQUOC2FFQb271+AbnetURKlGvRl/eWLswcgHQajwuxI464uZk91sPiTtdGi7r7XaWfA==",
			"requires": {
				"@babel/runtime": "^7.3.1",
				"jss": "10.6.0",
				"tiny-warning": "^1.0.2"
			}
		},
		"jss-plugin-vendor-prefixer": {
			"version": "10.6.0",
			"resolved": "https://registry.npmjs.org/jss-plugin-vendor-prefixer/-/jss-plugin-vendor-prefixer-10.6.0.tgz",
			"integrity": "sha512-doJ7MouBXT1lypLLctCwb4nJ6lDYqrTfVS3LtXgox42Xz0gXusXIIDboeh6UwnSmox90QpVnub7au8ybrb0krQ==",
			"requires": {
				"@babel/runtime": "^7.3.1",
				"css-vendor": "^2.0.8",
				"jss": "10.6.0"
			}
		},
		"lodash": {
			"version": "4.17.21",
			"resolved": "https://registry.npmjs.org/lodash/-/lodash-4.17.21.tgz",
			"integrity": "sha512-v2kDEe57lecTulaDIuNTPy3Ry4gLGJ6Z1O3vE1krgXZNrsQ+LFTGHVxVjcXPs17LhbZVGedAJv8XZ1tvj5FvSg=="
		},
		"loose-envify": {
			"version": "1.4.0",
			"resolved": "https://registry.npmjs.org/loose-envify/-/loose-envify-1.4.0.tgz",
			"integrity": "sha512-lyuxPGr/Wfhrlem2CL/UcnUc1zcqKAImBDzukY7Y5F/yQiNdko6+fRLevlw1HgMySw7f611UIY408EtxRSoK3Q==",
			"requires": {
				"js-tokens": "^3.0.0 || ^4.0.0"
			}
		},
		"minimalistic-assert": {
			"version": "1.0.1",
			"resolved": "https://registry.npmjs.org/minimalistic-assert/-/minimalistic-assert-1.0.1.tgz",
			"integrity": "sha512-UtJcAD4yEaGtjPezWuO9wC4nwUnVH/8/Im3yEHQP4b67cXlD/Qr9hdITCU1xDbSEXg2XKNaP8jsReV7vQd00/A=="
		},
		"minimalistic-crypto-utils": {
			"version": "1.0.1",
			"resolved": "https://registry.npmjs.org/minimalistic-crypto-utils/-/minimalistic-crypto-utils-1.0.1.tgz",
			"integrity": "sha1-9sAMHAsIIkblxNmd+4x8CDsrWCo="
		},
		"ms": {
			"version": "2.1.2",
			"resolved": "https://registry.npmjs.org/ms/-/ms-2.1.2.tgz",
			"integrity": "sha512-sGkPx+VjMtmA6MX27oA4FBFELFCZZ4S4XqeGOXCv68tT+jb3vk/RyaKWP0PTKyWtmLSM0b+adUTEvbs1PEaH2w=="
		},
		"node-fetch": {
			"version": "2.6.1",
			"resolved": "https://registry.npmjs.org/node-fetch/-/node-fetch-2.6.1.tgz",
			"integrity": "sha512-V4aYg89jEoVRxRb2fJdAg8FHvI7cEyYdVAh94HH0UIK8oJxUfkjlDQN9RbMx+bEjP7+ggMiFRprSti032Oipxw=="
		},
		"object-assign": {
			"version": "4.1.1",
			"resolved": "https://registry.npmjs.org/object-assign/-/object-assign-4.1.1.tgz",
			"integrity": "sha1-IQmtx5ZYh8/AXLvUQsrIv7s2CGM="
		},
		"prop-types": {
			"version": "15.7.2",
			"resolved": "https://registry.npmjs.org/prop-types/-/prop-types-15.7.2.tgz",
			"integrity": "sha512-8QQikdH7//R2vurIJSutZ1smHYTcLpRWEOlHnzcWHmBYrOGUysKwSsrC89BCiFj3CbrfJ/nXFdJepOVrY1GCHQ==",
			"requires": {
				"loose-envify": "^1.4.0",
				"object-assign": "^4.1.1",
				"react-is": "^16.8.1"
			},
			"dependencies": {
				"react-is": {
					"version": "16.13.1",
					"resolved": "https://registry.npmjs.org/react-is/-/react-is-16.13.1.tgz",
					"integrity": "sha512-24e6ynE2H+OKt4kqsOvNd8kBpV65zoxbA4BVsEOB3ARVWQki/DHzaUoC5KuON/BiccDaCCTZBuOcfZs70kR8bQ=="
				}
			}
		},
		"react-is": {
			"version": "17.0.2",
			"resolved": "https://registry.npmjs.org/react-is/-/react-is-17.0.2.tgz",
			"integrity": "sha512-w2GsyukL62IJnlaff/nRegPQR94C/XXamvMWmSHRJ4y7Ts/4ocGRmTHvOs8PSE6pB3dWOrD/nueuU5sduBsQ4w=="
		},
		"regenerator-runtime": {
			"version": "0.13.7",
			"resolved": "https://registry.npmjs.org/regenerator-runtime/-/regenerator-runtime-0.13.7.tgz",
			"integrity": "sha512-a54FxoJDIr27pgf7IgeQGxmqUNYrcV338lf/6gH456HZ/PhX+5BcwHXG9ajESmwe6WRO0tAzRUrRmNONWgkrew=="
		},
		"scrypt-js": {
			"version": "3.0.1",
			"resolved": "https://registry.npmjs.org/scrypt-js/-/scrypt-js-3.0.1.tgz",
			"integrity": "sha512-cdwTTnqPu0Hyvf5in5asVdZocVDTNRmR7XEcJuIzMjJeSHybHl7vpB66AzwTaIg6CLSbtjcxc8fqcySfnTkccA=="
		},
		"setimmediate": {
			"version": "1.0.4",
			"resolved": "https://registry.npmjs.org/setimmediate/-/setimmediate-1.0.4.tgz",
			"integrity": "sha1-IOgd5iLUoCWIzgyNqJc8vPHTE48="
		},
		"symbol-observable": {
			"version": "1.2.0",
			"resolved": "https://registry.npmjs.org/symbol-observable/-/symbol-observable-1.2.0.tgz",
			"integrity": "sha512-e900nM8RRtGhlV36KGEU9k65K3mPb1WV70OdjfxlG2EAuM1noi/E/BaW/uMhL7bPEssK8QV57vN3esixjUvcXQ=="
		},
		"tiny-invariant": {
			"version": "1.1.0",
			"resolved": "https://registry.npmjs.org/tiny-invariant/-/tiny-invariant-1.1.0.tgz",
			"integrity": "sha512-ytxQvrb1cPc9WBEI/HSeYYoGD0kWnGEOR8RY6KomWLBVhqz0RgTwVO9dLrGz7dC+nN9llyI7OKAgRq8Vq4ZBSw=="
		},
		"tiny-warning": {
			"version": "1.0.3",
			"resolved": "https://registry.npmjs.org/tiny-warning/-/tiny-warning-1.0.3.tgz",
			"integrity": "sha512-lBN9zLN/oAf68o3zNXYrdCt1kP8WsiGW8Oo2ka41b2IM5JL/S1CTyX1rW0mb/zSuJun0ZUrDxx4sqvYS2FWzPA=="
		},
		"uuid": {
			"version": "2.0.1",
			"resolved": "https://registry.npmjs.org/uuid/-/uuid-2.0.1.tgz",
			"integrity": "sha1-wqMN7bPlNdcsz4LjQ5QaULqFM6w="
		},
		"ws": {
			"version": "7.2.3",
			"resolved": "https://registry.npmjs.org/ws/-/ws-7.2.3.tgz",
			"integrity": "sha512-HTDl9G9hbkNDk98naoR/cHDws7+EyYMOdL1BmjsZXRUjf7d+MficC4B7HLUPlSiho0vg+CWKrGIt/VJBd1xunQ=="
		},
		"xmlhttprequest": {
			"version": "1.8.0",
			"resolved": "https://registry.npmjs.org/xmlhttprequest/-/xmlhttprequest-1.8.0.tgz",
			"integrity": "sha1-Z/4HXFwk/vOfnWX197f+dRcZaPw="
		}
	}
}
